// !$*UTF8*$!
{
	archiveVersion = 1;
	classes = {
	};
	objectVersion = 46;
	objects = {

/* Begin PBXBuildFile section */
		26EF8E28ABF227F4E38D6130 /* Pods_Buffellows.framework in Frameworks */ = {isa = PBXBuildFile; fileRef = 1D55820BDC9E89433D967512 /* Pods_Buffellows.framework */; };
		C37BCEBF1F8D63C60052022E /* RegisterVC.swift in Sources */ = {isa = PBXBuildFile; fileRef = C37BCEBD1F8D63C60052022E /* RegisterVC.swift */; };
		C37BCEC01F8D63C60052022E /* RegisterVC.xib in Resources */ = {isa = PBXBuildFile; fileRef = C37BCEBE1F8D63C60052022E /* RegisterVC.xib */; };
		C3A897E81F2312A100665783 /* AppDelegate.swift in Sources */ = {isa = PBXBuildFile; fileRef = C3A897E71F2312A100665783 /* AppDelegate.swift */; };
		C3A897F01F2312A100665783 /* Buffellows.xcdatamodeld in Sources */ = {isa = PBXBuildFile; fileRef = C3A897EE1F2312A100665783 /* Buffellows.xcdatamodeld */; };
		C3A897F21F2312A100665783 /* Assets.xcassets in Resources */ = {isa = PBXBuildFile; fileRef = C3A897F11F2312A100665783 /* Assets.xcassets */; };
		C3A897F51F2312A100665783 /* LaunchScreen.storyboard in Resources */ = {isa = PBXBuildFile; fileRef = C3A897F31F2312A100665783 /* LaunchScreen.storyboard */; };
		C3A897FE1F23141700665783 /* HomeViewController.swift in Sources */ = {isa = PBXBuildFile; fileRef = C3A897FC1F23141700665783 /* HomeViewController.swift */; };
		C3A897FF1F23141700665783 /* HomeViewController.xib in Resources */ = {isa = PBXBuildFile; fileRef = C3A897FD1F23141700665783 /* HomeViewController.xib */; };
		C3A898041F32938800665783 /* LoginVC.swift in Sources */ = {isa = PBXBuildFile; fileRef = C3A898021F32938800665783 /* LoginVC.swift */; };
		C3A898051F32938800665783 /* LoginVC.xib in Resources */ = {isa = PBXBuildFile; fileRef = C3A898031F32938800665783 /* LoginVC.xib */; };
		C3A898091F329A8000665783 /* StandardVC.swift in Sources */ = {isa = PBXBuildFile; fileRef = C3A898071F329A8000665783 /* StandardVC.swift */; };
		C3A8980A1F329A8000665783 /* StandardVC.xib in Resources */ = {isa = PBXBuildFile; fileRef = C3A898081F329A8000665783 /* StandardVC.xib */; };
		C3FE27061F9C853900C896B0 /* TabBarVC.swift in Sources */ = {isa = PBXBuildFile; fileRef = C3FE27041F9C853900C896B0 /* TabBarVC.swift */; };
		C3FE27071F9C853900C896B0 /* TabBarVC.xib in Resources */ = {isa = PBXBuildFile; fileRef = C3FE27051F9C853900C896B0 /* TabBarVC.xib */; };
		C3FE270C1F9C93B000C896B0 /* FriendsVC.swift in Sources */ = {isa = PBXBuildFile; fileRef = C3FE270A1F9C93B000C896B0 /* FriendsVC.swift */; };
		C3FE270D1F9C93B000C896B0 /* FriendsVC.xib in Resources */ = {isa = PBXBuildFile; fileRef = C3FE270B1F9C93B000C896B0 /* FriendsVC.xib */; };
		C3FE27101F9C93C200C896B0 /* ExercisesVC.swift in Sources */ = {isa = PBXBuildFile; fileRef = C3FE270E1F9C93C200C896B0 /* ExercisesVC.swift */; };
		C3FE27111F9C93C200C896B0 /* ExercisesVC.xib in Resources */ = {isa = PBXBuildFile; fileRef = C3FE270F1F9C93C200C896B0 /* ExercisesVC.xib */; };
		C3FE27141F9CA78300C896B0 /* SettingsVC.swift in Sources */ = {isa = PBXBuildFile; fileRef = C3FE27121F9CA78300C896B0 /* SettingsVC.swift */; };
		C3FE27151F9CA78300C896B0 /* SettingsVC.xib in Resources */ = {isa = PBXBuildFile; fileRef = C3FE27131F9CA78300C896B0 /* SettingsVC.xib */; };
		EE5DD64E1F90445D00F6AFE4 /* userDB.swift in Sources */ = {isa = PBXBuildFile; fileRef = EE5DD64D1F90445D00F6AFE4 /* userDB.swift */; };
		EE5DD6501F90595000F6AFE4 /* challengeDB.swift in Sources */ = {isa = PBXBuildFile; fileRef = EE5DD64F1F90595000F6AFE4 /* challengeDB.swift */; };
		EED587671FA2C27D00389623 /* GoogleService-Info.plist in Resources */ = {isa = PBXBuildFile; fileRef = EED587661FA2C27C00389623 /* GoogleService-Info.plist */; };
/* End PBXBuildFile section */

/* Begin PBXFileReference section */
		1D55820BDC9E89433D967512 /* Pods_Buffellows.framework */ = {isa = PBXFileReference; explicitFileType = wrapper.framework; includeInIndex = 0; path = Pods_Buffellows.framework; sourceTree = BUILT_PRODUCTS_DIR; };
		61FEFA075D505208088C30A2 /* Pods-Buffellows.debug.xcconfig */ = {isa = PBXFileReference; includeInIndex = 1; lastKnownFileType = text.xcconfig; name = "Pods-Buffellows.debug.xcconfig"; path = "Pods/Target Support Files/Pods-Buffellows/Pods-Buffellows.debug.xcconfig"; sourceTree = "<group>"; };
		C37BCEBD1F8D63C60052022E /* RegisterVC.swift */ = {isa = PBXFileReference; lastKnownFileType = sourcecode.swift; path = RegisterVC.swift; sourceTree = "<group>"; };
		C37BCEBE1F8D63C60052022E /* RegisterVC.xib */ = {isa = PBXFileReference; lastKnownFileType = file.xib; path = RegisterVC.xib; sourceTree = "<group>"; };
		C3A897E41F2312A100665783 /* Buffellows.app */ = {isa = PBXFileReference; explicitFileType = wrapper.application; includeInIndex = 0; path = Buffellows.app; sourceTree = BUILT_PRODUCTS_DIR; };
		C3A897E71F2312A100665783 /* AppDelegate.swift */ = {isa = PBXFileReference; lastKnownFileType = sourcecode.swift; path = AppDelegate.swift; sourceTree = "<group>"; };
		C3A897EF1F2312A100665783 /* Buffellows.xcdatamodel */ = {isa = PBXFileReference; lastKnownFileType = wrapper.xcdatamodel; path = Buffellows.xcdatamodel; sourceTree = "<group>"; };
		C3A897F11F2312A100665783 /* Assets.xcassets */ = {isa = PBXFileReference; lastKnownFileType = folder.assetcatalog; path = Assets.xcassets; sourceTree = "<group>"; };
		C3A897F41F2312A100665783 /* Base */ = {isa = PBXFileReference; lastKnownFileType = file.storyboard; name = Base; path = Base.lproj/LaunchScreen.storyboard; sourceTree = "<group>"; };
		C3A897F61F2312A100665783 /* Info.plist */ = {isa = PBXFileReference; lastKnownFileType = text.plist.xml; path = Info.plist; sourceTree = "<group>"; };
		C3A897FC1F23141700665783 /* HomeViewController.swift */ = {isa = PBXFileReference; fileEncoding = 4; lastKnownFileType = sourcecode.swift; path = HomeViewController.swift; sourceTree = "<group>"; };
		C3A897FD1F23141700665783 /* HomeViewController.xib */ = {isa = PBXFileReference; fileEncoding = 4; lastKnownFileType = file.xib; path = HomeViewController.xib; sourceTree = "<group>"; };
		C3A898021F32938800665783 /* LoginVC.swift */ = {isa = PBXFileReference; fileEncoding = 4; lastKnownFileType = sourcecode.swift; path = LoginVC.swift; sourceTree = "<group>"; };
		C3A898031F32938800665783 /* LoginVC.xib */ = {isa = PBXFileReference; fileEncoding = 4; lastKnownFileType = file.xib; path = LoginVC.xib; sourceTree = "<group>"; };
		C3A898071F329A8000665783 /* StandardVC.swift */ = {isa = PBXFileReference; fileEncoding = 4; lastKnownFileType = sourcecode.swift; path = StandardVC.swift; sourceTree = "<group>"; };
		C3A898081F329A8000665783 /* StandardVC.xib */ = {isa = PBXFileReference; fileEncoding = 4; lastKnownFileType = file.xib; path = StandardVC.xib; sourceTree = "<group>"; };
		C3FE27041F9C853900C896B0 /* TabBarVC.swift */ = {isa = PBXFileReference; lastKnownFileType = sourcecode.swift; path = TabBarVC.swift; sourceTree = "<group>"; };
		C3FE27051F9C853900C896B0 /* TabBarVC.xib */ = {isa = PBXFileReference; lastKnownFileType = file.xib; path = TabBarVC.xib; sourceTree = "<group>"; };
		C3FE270A1F9C93B000C896B0 /* FriendsVC.swift */ = {isa = PBXFileReference; lastKnownFileType = sourcecode.swift; path = FriendsVC.swift; sourceTree = "<group>"; };
		C3FE270B1F9C93B000C896B0 /* FriendsVC.xib */ = {isa = PBXFileReference; lastKnownFileType = file.xib; path = FriendsVC.xib; sourceTree = "<group>"; };
		C3FE270E1F9C93C200C896B0 /* ExercisesVC.swift */ = {isa = PBXFileReference; lastKnownFileType = sourcecode.swift; path = ExercisesVC.swift; sourceTree = "<group>"; };
		C3FE270F1F9C93C200C896B0 /* ExercisesVC.xib */ = {isa = PBXFileReference; lastKnownFileType = file.xib; path = ExercisesVC.xib; sourceTree = "<group>"; };
		C3FE27121F9CA78300C896B0 /* SettingsVC.swift */ = {isa = PBXFileReference; lastKnownFileType = sourcecode.swift; path = SettingsVC.swift; sourceTree = "<group>"; };
		C3FE27131F9CA78300C896B0 /* SettingsVC.xib */ = {isa = PBXFileReference; lastKnownFileType = file.xib; path = SettingsVC.xib; sourceTree = "<group>"; };
		E32143505C8C3F2365982189 /* Pods-Buffellows.release.xcconfig */ = {isa = PBXFileReference; includeInIndex = 1; lastKnownFileType = text.xcconfig; name = "Pods-Buffellows.release.xcconfig"; path = "Pods/Target Support Files/Pods-Buffellows/Pods-Buffellows.release.xcconfig"; sourceTree = "<group>"; };
		EE5DD64D1F90445D00F6AFE4 /* userDB.swift */ = {isa = PBXFileReference; lastKnownFileType = sourcecode.swift; path = userDB.swift; sourceTree = "<group>"; };
		EE5DD64F1F90595000F6AFE4 /* challengeDB.swift */ = {isa = PBXFileReference; lastKnownFileType = sourcecode.swift; path = challengeDB.swift; sourceTree = "<group>"; };
		EED587661FA2C27C00389623 /* GoogleService-Info.plist */ = {isa = PBXFileReference; fileEncoding = 4; lastKnownFileType = text.plist.xml; path = "GoogleService-Info.plist"; sourceTree = SOURCE_ROOT; };
/* End PBXFileReference section */

/* Begin PBXFrameworksBuildPhase section */
		C3A897E11F2312A100665783 /* Frameworks */ = {
			isa = PBXFrameworksBuildPhase;
			buildActionMask = 2147483647;
			files = (
				26EF8E28ABF227F4E38D6130 /* Pods_Buffellows.framework in Frameworks */,
			);
			runOnlyForDeploymentPostprocessing = 0;
		};
/* End PBXFrameworksBuildPhase section */

/* Begin PBXGroup section */
		87A26113C47BBF61787BD482 /* Frameworks */ = {
			isa = PBXGroup;
			children = (
				1D55820BDC9E89433D967512 /* Pods_Buffellows.framework */,
			);
			name = Frameworks;
			sourceTree = "<group>";
		};
		9EC28577EEFA4A567C60B231 /* Pods */ = {
			isa = PBXGroup;
			children = (
				61FEFA075D505208088C30A2 /* Pods-Buffellows.debug.xcconfig */,
				E32143505C8C3F2365982189 /* Pods-Buffellows.release.xcconfig */,
			);
			name = Pods;
			sourceTree = "<group>";
		};
		C37BCEBC1F8D63A00052022E /* RegisterVC */ = {
			isa = PBXGroup;
			children = (
				C37BCEBD1F8D63C60052022E /* RegisterVC.swift */,
				C37BCEBE1F8D63C60052022E /* RegisterVC.xib */,
			);
			name = RegisterVC;
			sourceTree = "<group>";
		};
		C3A897DB1F2312A000665783 = {
			isa = PBXGroup;
			children = (
				C3A897E61F2312A100665783 /* Buffellows */,
				C3A897E51F2312A100665783 /* Products */,
				9EC28577EEFA4A567C60B231 /* Pods */,
				87A26113C47BBF61787BD482 /* Frameworks */,
			);
			sourceTree = "<group>";
		};
		C3A897E51F2312A100665783 /* Products */ = {
			isa = PBXGroup;
			children = (
				C3A897E41F2312A100665783 /* Buffellows.app */,
			);
			name = Products;
			sourceTree = "<group>";
		};
		C3A897E61F2312A100665783 /* Buffellows */ = {
			isa = PBXGroup;
			children = (
				EED587661FA2C27C00389623 /* GoogleService-Info.plist */,
				C3FE27091F9C939A00C896B0 /* ExercisesVC */,
				C3FE27081F9C939200C896B0 /* FriendsVC */,
				C3FE27031F9C851100C896B0 /* TabBarVC */,
				C37BCEBC1F8D63A00052022E /* RegisterVC */,
				C3A898011F32935800665783 /* LoginVC */,
				C3FE27161F9CA78E00C896B0 /* SettingsVC */,
				C3A898061F329A6F00665783 /* StandardVC */,
				C3A898001F231CAC00665783 /* HomeVC */,
				C3A898101F54BB5D00665783 /* Additional */,
				EE5DD64D1F90445D00F6AFE4 /* userDB.swift */,
				EE5DD64F1F90595000F6AFE4 /* challengeDB.swift */,
			);
			path = Buffellows;
			sourceTree = "<group>";
		};
		C3A898001F231CAC00665783 /* HomeVC */ = {
			isa = PBXGroup;
			children = (
				C3A897FC1F23141700665783 /* HomeViewController.swift */,
				C3A897FD1F23141700665783 /* HomeViewController.xib */,
			);
			name = HomeVC;
			sourceTree = "<group>";
		};
		C3A898011F32935800665783 /* LoginVC */ = {
			isa = PBXGroup;
			children = (
				C3A898021F32938800665783 /* LoginVC.swift */,
				C3A898031F32938800665783 /* LoginVC.xib */,
			);
			name = LoginVC;
			sourceTree = "<group>";
		};
		C3A898061F329A6F00665783 /* StandardVC */ = {
			isa = PBXGroup;
			children = (
				C3A898071F329A8000665783 /* StandardVC.swift */,
				C3A898081F329A8000665783 /* StandardVC.xib */,
			);
			name = StandardVC;
			sourceTree = "<group>";
		};
		C3A898101F54BB5D00665783 /* Additional */ = {
			isa = PBXGroup;
			children = (
				C3A897E71F2312A100665783 /* AppDelegate.swift */,
				C3A897F11F2312A100665783 /* Assets.xcassets */,
				C3A897F31F2312A100665783 /* LaunchScreen.storyboard */,
				C3A897F61F2312A100665783 /* Info.plist */,
				C3A897EE1F2312A100665783 /* Buffellows.xcdatamodeld */,
			);
			name = Additional;
			sourceTree = "<group>";
		};
		C3FE27031F9C851100C896B0 /* TabBarVC */ = {
			isa = PBXGroup;
			children = (
				C3FE27041F9C853900C896B0 /* TabBarVC.swift */,
				C3FE27051F9C853900C896B0 /* TabBarVC.xib */,
			);
			name = TabBarVC;
			sourceTree = "<group>";
		};
		C3FE27081F9C939200C896B0 /* FriendsVC */ = {
			isa = PBXGroup;
			children = (
				C3FE270A1F9C93B000C896B0 /* FriendsVC.swift */,
				C3FE270B1F9C93B000C896B0 /* FriendsVC.xib */,
			);
			name = FriendsVC;
			sourceTree = "<group>";
		};
		C3FE27091F9C939A00C896B0 /* ExercisesVC */ = {
			isa = PBXGroup;
			children = (
				C3FE270E1F9C93C200C896B0 /* ExercisesVC.swift */,
				C3FE270F1F9C93C200C896B0 /* ExercisesVC.xib */,
			);
			name = ExercisesVC;
			sourceTree = "<group>";
		};
		C3FE27161F9CA78E00C896B0 /* SettingsVC */ = {
			isa = PBXGroup;
			children = (
				C3FE27121F9CA78300C896B0 /* SettingsVC.swift */,
				C3FE27131F9CA78300C896B0 /* SettingsVC.xib */,
			);
			name = SettingsVC;
			sourceTree = "<group>";
		};
/* End PBXGroup section */

/* Begin PBXNativeTarget section */
		C3A897E31F2312A100665783 /* Buffellows */ = {
			isa = PBXNativeTarget;
			buildConfigurationList = C3A897F91F2312A100665783 /* Build configuration list for PBXNativeTarget "Buffellows" */;
			buildPhases = (
				38EC393DC6014BD1ACC4885C /* [CP] Check Pods Manifest.lock */,
				C3A897E01F2312A100665783 /* Sources */,
				C3A897E11F2312A100665783 /* Frameworks */,
				C3A897E21F2312A100665783 /* Resources */,
				DE270FB2DF97690AB3720A60 /* [CP] Embed Pods Frameworks */,
				59B20EA7F3B6B360691CB7CE /* [CP] Copy Pods Resources */,
			);
			buildRules = (
			);
			dependencies = (
			);
			name = Buffellows;
			productName = Buffellows;
			productReference = C3A897E41F2312A100665783 /* Buffellows.app */;
			productType = "com.apple.product-type.application";
		};
/* End PBXNativeTarget section */

/* Begin PBXProject section */
		C3A897DC1F2312A000665783 /* Project object */ = {
			isa = PBXProject;
			attributes = {
				LastSwiftUpdateCheck = 0830;
				LastUpgradeCheck = 0830;
				ORGANIZATIONNAME = "Ashish Chatterjee";
				TargetAttributes = {
					C3A897E31F2312A100665783 = {
						CreatedOnToolsVersion = 8.3;
						DevelopmentTeam = LDA8VUS6TR;
						ProvisioningStyle = Automatic;
					};
				};
			};
			buildConfigurationList = C3A897DF1F2312A000665783 /* Build configuration list for PBXProject "Buffellows" */;
			compatibilityVersion = "Xcode 3.2";
			developmentRegion = English;
			hasScannedForEncodings = 0;
			knownRegions = (
				en,
				Base,
			);
			mainGroup = C3A897DB1F2312A000665783;
			productRefGroup = C3A897E51F2312A100665783 /* Products */;
			projectDirPath = "";
			projectRoot = "";
			targets = (
				C3A897E31F2312A100665783 /* Buffellows */,
			);
		};
/* End PBXProject section */

/* Begin PBXResourcesBuildPhase section */
		C3A897E21F2312A100665783 /* Resources */ = {
			isa = PBXResourcesBuildPhase;
			buildActionMask = 2147483647;
			files = (
				C3A897F51F2312A100665783 /* LaunchScreen.storyboard in Resources */,
				C3FE27111F9C93C200C896B0 /* ExercisesVC.xib in Resources */,
				C3FE27071F9C853900C896B0 /* TabBarVC.xib in Resources */,
				C3FE270D1F9C93B000C896B0 /* FriendsVC.xib in Resources */,
				C3A8980A1F329A8000665783 /* StandardVC.xib in Resources */,
				C3A897F21F2312A100665783 /* Assets.xcassets in Resources */,
				C37BCEC01F8D63C60052022E /* RegisterVC.xib in Resources */,
				C3A898051F32938800665783 /* LoginVC.xib in Resources */,
				EED587671FA2C27D00389623 /* GoogleService-Info.plist in Resources */,
				C3A897FF1F23141700665783 /* HomeViewController.xib in Resources */,
				C3FE27151F9CA78300C896B0 /* SettingsVC.xib in Resources */,
			);
			runOnlyForDeploymentPostprocessing = 0;
		};
/* End PBXResourcesBuildPhase section */

/* Begin PBXShellScriptBuildPhase section */
		38EC393DC6014BD1ACC4885C /* [CP] Check Pods Manifest.lock */ = {
			isa = PBXShellScriptBuildPhase;
			buildActionMask = 2147483647;
			files = (
			);
			inputPaths = (
				"${PODS_PODFILE_DIR_PATH}/Podfile.lock",
				"${PODS_ROOT}/Manifest.lock",
			);
			name = "[CP] Check Pods Manifest.lock";
			outputPaths = (
				"$(DERIVED_FILE_DIR)/Pods-Buffellows-checkManifestLockResult.txt",
			);
			runOnlyForDeploymentPostprocessing = 0;
			shellPath = /bin/sh;
			shellScript = "diff \"${PODS_PODFILE_DIR_PATH}/Podfile.lock\" \"${PODS_ROOT}/Manifest.lock\" > /dev/null\nif [ $? != 0 ] ; then\n    # print error to STDERR\n    echo \"error: The sandbox is not in sync with the Podfile.lock. Run 'pod install' or update your CocoaPods installation.\" >&2\n    exit 1\nfi\n# This output is used by Xcode 'outputs' to avoid re-running this script phase.\necho \"SUCCESS\" > \"${SCRIPT_OUTPUT_FILE_0}\"\n";
			showEnvVarsInLog = 0;
		};
		59B20EA7F3B6B360691CB7CE /* [CP] Copy Pods Resources */ = {
			isa = PBXShellScriptBuildPhase;
			buildActionMask = 2147483647;
			files = (
			);
			inputPaths = (
			);
			name = "[CP] Copy Pods Resources";
			outputPaths = (
			);
			runOnlyForDeploymentPostprocessing = 0;
			shellPath = /bin/sh;
			shellScript = "\"${SRCROOT}/Pods/Target Support Files/Pods-Buffellows/Pods-Buffellows-resources.sh\"\n";
			showEnvVarsInLog = 0;
		};
		DE270FB2DF97690AB3720A60 /* [CP] Embed Pods Frameworks */ = {
			isa = PBXShellScriptBuildPhase;
			buildActionMask = 2147483647;
			files = (
			);
			inputPaths = (
				"${SRCROOT}/Pods/Target Support Files/Pods-Buffellows/Pods-Buffellows-frameworks.sh",
				"${BUILT_PRODUCTS_DIR}/GTMSessionFetcher/GTMSessionFetcher.framework",
				"${BUILT_PRODUCTS_DIR}/GoogleToolboxForMac/GoogleToolboxForMac.framework",
				"${BUILT_PRODUCTS_DIR}/leveldb-library/leveldb.framework",
				"${BUILT_PRODUCTS_DIR}/nanopb/nanopb.framework",
			);
			name = "[CP] Embed Pods Frameworks";
			outputPaths = (
				"${TARGET_BUILD_DIR}/${FRAMEWORKS_FOLDER_PATH}/GTMSessionFetcher.framework",
				"${TARGET_BUILD_DIR}/${FRAMEWORKS_FOLDER_PATH}/GoogleToolboxForMac.framework",
				"${TARGET_BUILD_DIR}/${FRAMEWORKS_FOLDER_PATH}/leveldb.framework",
				"${TARGET_BUILD_DIR}/${FRAMEWORKS_FOLDER_PATH}/nanopb.framework",
			);
			runOnlyForDeploymentPostprocessing = 0;
			shellPath = /bin/sh;
			shellScript = "\"${SRCROOT}/Pods/Target Support Files/Pods-Buffellows/Pods-Buffellows-frameworks.sh\"\n";
			showEnvVarsInLog = 0;
		};
/* End PBXShellScriptBuildPhase section */

/* Begin PBXSourcesBuildPhase section */
		C3A897E01F2312A100665783 /* Sources */ = {
			isa = PBXSourcesBuildPhase;
			buildActionMask = 2147483647;
			files = (
				EE5DD64E1F90445D00F6AFE4 /* userDB.swift in Sources */,
				C3A897E81F2312A100665783 /* AppDelegate.swift in Sources */,
				C3A898091F329A8000665783 /* StandardVC.swift in Sources */,
				C3A897F01F2312A100665783 /* Buffellows.xcdatamodeld in Sources */,
				C3FE270C1F9C93B000C896B0 /* FriendsVC.swift in Sources */,
				C3FE27141F9CA78300C896B0 /* SettingsVC.swift in Sources */,
				C3FE27101F9C93C200C896B0 /* ExercisesVC.swift in Sources */,
				C3FE27061F9C853900C896B0 /* TabBarVC.swift in Sources */,
				C37BCEBF1F8D63C60052022E /* RegisterVC.swift in Sources */,
				EE5DD6501F90595000F6AFE4 /* challengeDB.swift in Sources */,
				C3A898041F32938800665783 /* LoginVC.swift in Sources */,
				C3A897FE1F23141700665783 /* HomeViewController.swift in Sources */,
			);
			runOnlyForDeploymentPostprocessing = 0;
		};
/* End PBXSourcesBuildPhase section */

/* Begin PBXVariantGroup section */
		C3A897F31F2312A100665783 /* LaunchScreen.storyboard */ = {
			isa = PBXVariantGroup;
			children = (
				C3A897F41F2312A100665783 /* Base */,
			);
			name = LaunchScreen.storyboard;
			sourceTree = "<group>";
		};
/* End PBXVariantGroup section */

/* Begin XCBuildConfiguration section */
		C3A897F71F2312A100665783 /* Debug */ = {
			isa = XCBuildConfiguration;
			buildSettings = {
				ALWAYS_SEARCH_USER_PATHS = NO;
				CLANG_ANALYZER_NONNULL = YES;
				CLANG_ANALYZER_NUMBER_OBJECT_CONVERSION = YES_AGGRESSIVE;
				CLANG_CXX_LANGUAGE_STANDARD = "gnu++0x";
				CLANG_CXX_LIBRARY = "libc++";
				CLANG_ENABLE_MODULES = YES;
				CLANG_ENABLE_OBJC_ARC = YES;
				CLANG_WARN_BOOL_CONVERSION = YES;
				CLANG_WARN_CONSTANT_CONVERSION = YES;
				CLANG_WARN_DIRECT_OBJC_ISA_USAGE = YES_ERROR;
				CLANG_WARN_DOCUMENTATION_COMMENTS = YES;
				CLANG_WARN_EMPTY_BODY = YES;
				CLANG_WARN_ENUM_CONVERSION = YES;
				CLANG_WARN_INFINITE_RECURSION = YES;
				CLANG_WARN_INT_CONVERSION = YES;
				CLANG_WARN_OBJC_ROOT_CLASS = YES_ERROR;
				CLANG_WARN_SUSPICIOUS_MOVE = YES;
				CLANG_WARN_UNREACHABLE_CODE = YES;
				CLANG_WARN__DUPLICATE_METHOD_MATCH = YES;
				"CODE_SIGN_IDENTITY[sdk=iphoneos*]" = "iPhone Developer";
				COPY_PHASE_STRIP = NO;
				DEBUG_INFORMATION_FORMAT = dwarf;
				ENABLE_STRICT_OBJC_MSGSEND = YES;
				ENABLE_TESTABILITY = YES;
				GCC_C_LANGUAGE_STANDARD = gnu99;
				GCC_DYNAMIC_NO_PIC = NO;
				GCC_NO_COMMON_BLOCKS = YES;
				GCC_OPTIMIZATION_LEVEL = 0;
				GCC_PREPROCESSOR_DEFINITIONS = (
					"DEBUG=1",
					"$(inherited)",
				);
				GCC_WARN_64_TO_32_BIT_CONVERSION = YES;
				GCC_WARN_ABOUT_RETURN_TYPE = YES_ERROR;
				GCC_WARN_UNDECLARED_SELECTOR = YES;
				GCC_WARN_UNINITIALIZED_AUTOS = YES_AGGRESSIVE;
				GCC_WARN_UNUSED_FUNCTION = YES;
				GCC_WARN_UNUSED_VARIABLE = YES;
				IPHONEOS_DEPLOYMENT_TARGET = 10.3;
				MTL_ENABLE_DEBUG_INFO = YES;
				ONLY_ACTIVE_ARCH = YES;
				SDKROOT = iphoneos;
				SWIFT_ACTIVE_COMPILATION_CONDITIONS = DEBUG;
				SWIFT_OPTIMIZATION_LEVEL = "-Onone";
			};
			name = Debug;
		};
		C3A897F81F2312A100665783 /* Release */ = {
			isa = XCBuildConfiguration;
			buildSettings = {
				ALWAYS_SEARCH_USER_PATHS = NO;
				CLANG_ANALYZER_NONNULL = YES;
				CLANG_ANALYZER_NUMBER_OBJECT_CONVERSION = YES_AGGRESSIVE;
				CLANG_CXX_LANGUAGE_STANDARD = "gnu++0x";
				CLANG_CXX_LIBRARY = "libc++";
				CLANG_ENABLE_MODULES = YES;
				CLANG_ENABLE_OBJC_ARC = YES;
				CLANG_WARN_BOOL_CONVERSION = YES;
				CLANG_WARN_CONSTANT_CONVERSION = YES;
				CLANG_WARN_DIRECT_OBJC_ISA_USAGE = YES_ERROR;
				CLANG_WARN_DOCUMENTATION_COMMENTS = YES;
				CLANG_WARN_EMPTY_BODY = YES;
				CLANG_WARN_ENUM_CONVERSION = YES;
				CLANG_WARN_INFINITE_RECURSION = YES;
				CLANG_WARN_INT_CONVERSION = YES;
				CLANG_WARN_OBJC_ROOT_CLASS = YES_ERROR;
				CLANG_WARN_SUSPICIOUS_MOVE = YES;
				CLANG_WARN_UNREACHABLE_CODE = YES;
				CLANG_WARN__DUPLICATE_METHOD_MATCH = YES;
				"CODE_SIGN_IDENTITY[sdk=iphoneos*]" = "iPhone Developer";
				COPY_PHASE_STRIP = NO;
				DEBUG_INFORMATION_FORMAT = "dwarf-with-dsym";
				ENABLE_NS_ASSERTIONS = NO;
				ENABLE_STRICT_OBJC_MSGSEND = YES;
				GCC_C_LANGUAGE_STANDARD = gnu99;
				GCC_NO_COMMON_BLOCKS = YES;
				GCC_WARN_64_TO_32_BIT_CONVERSION = YES;
				GCC_WARN_ABOUT_RETURN_TYPE = YES_ERROR;
				GCC_WARN_UNDECLARED_SELECTOR = YES;
				GCC_WARN_UNINITIALIZED_AUTOS = YES_AGGRESSIVE;
				GCC_WARN_UNUSED_FUNCTION = YES;
				GCC_WARN_UNUSED_VARIABLE = YES;
				IPHONEOS_DEPLOYMENT_TARGET = 10.3;
				MTL_ENABLE_DEBUG_INFO = NO;
				SDKROOT = iphoneos;
				SWIFT_OPTIMIZATION_LEVEL = "-Owholemodule";
				VALIDATE_PRODUCT = YES;
			};
			name = Release;
		};
		C3A897FA1F2312A100665783 /* Debug */ = {
			isa = XCBuildConfiguration;
			baseConfigurationReference = 61FEFA075D505208088C30A2 /* Pods-Buffellows.debug.xcconfig */;
			buildSettings = {
				ASSETCATALOG_COMPILER_APPICON_NAME = AppIcon;
				DEVELOPMENT_TEAM = LDA8VUS6TR;
				INFOPLIST_FILE = Buffellows/Info.plist;
				LD_RUNPATH_SEARCH_PATHS = "$(inherited) @executable_path/Frameworks";
				PRODUCT_BUNDLE_IDENTIFIER = ABCD.Buffellows;
				PRODUCT_NAME = "$(TARGET_NAME)";
				SWIFT_VERSION = 3.0;
			};
			name = Debug;
		};
		C3A897FB1F2312A100665783 /* Release */ = {
			isa = XCBuildConfiguration;
			baseConfigurationReference = E32143505C8C3F2365982189 /* Pods-Buffellows.release.xcconfig */;
			buildSettings = {
				ASSETCATALOG_COMPILER_APPICON_NAME = AppIcon;
				DEVELOPMENT_TEAM = LDA8VUS6TR;
				INFOPLIST_FILE = Buffellows/Info.plist;
				LD_RUNPATH_SEARCH_PATHS = "$(inherited) @executable_path/Frameworks";
				PRODUCT_BUNDLE_IDENTIFIER = ABCD.Buffellows;
				PRODUCT_NAME = "$(TARGET_NAME)";
				SWIFT_VERSION = 3.0;
			};
			name = Release;
		};
/* End XCBuildConfiguration section */

/* Begin XCConfigurationList section */
		C3A897DF1F2312A000665783 /* Build configuration list for PBXProject "Buffellows" */ = {
			isa = XCConfigurationList;
			buildConfigurations = (
				C3A897F71F2312A100665783 /* Debug */,
				C3A897F81F2312A100665783 /* Release */,
			);
			defaultConfigurationIsVisible = 0;
			defaultConfigurationName = Release;
		};
		C3A897F91F2312A100665783 /* Build configuration list for PBXNativeTarget "Buffellows" */ = {
			isa = XCConfigurationList;
			buildConfigurations = (
				C3A897FA1F2312A100665783 /* Debug */,
				C3A897FB1F2312A100665783 /* Release */,
			);
			defaultConfigurationIsVisible = 0;
			defaultConfigurationName = Release;
		};
/* End XCConfigurationList section */

/* Begin XCVersionGroup section */
		C3A897EE1F2312A100665783 /* Buffellows.xcdatamodeld */ = {
			isa = XCVersionGroup;
			children = (
				C3A897EF1F2312A100665783 /* Buffellows.xcdatamodel */,
			);
			currentVersion = C3A897EF1F2312A100665783 /* Buffellows.xcdatamodel */;
			path = Buffellows.xcdatamodeld;
			sourceTree = "<group>";
			versionGroupType = wrapper.xcdatamodel;
		};
/* End XCVersionGroup section */
	};
	rootObject = C3A897DC1F2312A000665783 /* Project object */;
}
